
Microsoft Visual Studio Solution File, Format Version 12.00
# Visual Studio Version 17
VisualStudioVersion = 17.1.32210.238
MinimumVisualStudioVersion = 10.0.40219.1
Project("{9A19103F-16F7-4668-BE54-9A1E7A4F7556}") = "Calculator App 1", "Calculator App 1.csproj", "{82D3EB09-3513-4BF0-899E-A70C0EB75DA8}"
EndProject
Global
	GlobalSection(SolutionConfigurationPlatforms) = preSolution
		Debug|Any CPU = Debug|Any CPU
		Release|Any CPU = Release|Any CPU
	EndGlobalSection
	GlobalSection(ProjectConfigurationPlatforms) = postSolution
		{82D3EB09-3513-4BF0-899E-A70C0EB75DA8}.Debug|Any CPU.ActiveCfg = Debug|Any CPU
		{82D3EB09-3513-4BF0-899E-A70C0EB75DA8}.Debug|Any CPU.Build.0 = Debug|Any CPU
		{82D3EB09-3513-4BF0-899E-A70C0EB75DA8}.Release|Any CPU.ActiveCfg = Release|Any CPU
		{82D3EB09-3513-4BF0-899E-A70C0EB75DA8}.Release|Any CPU.Build.0 = Release|Any CPU
	EndGlobalSection
	GlobalSection(SolutionProperties) = preSolution
		HideSolutionNode = FALSE
	EndGlobalSection
	GlobalSection(ExtensibilityGlobals) = postSolution
		SolutionGuid = {94BC328D-6ECC-43AE-8850-27E06E1BCFE3}
	EndGlobalSection
EndGlobal
